
Microsoft Visual Studio Solution File, Format Version 12.00
# Visual Studio Version 17
VisualStudioVersion = 17.13.35825.156 d17.13
MinimumVisualStudioVersion = 10.0.40219.1
Project("{FAE04EC0-301F-11D3-BF4B-00C04F79EFBC}") = "Zadanie7_5", "Zadanie7_5.csproj", "{590C3D72-8B48-4EC5-B51A-93389FC79D51}"
EndProject
Global
	GlobalSection(SolutionConfigurationPlatforms) = preSolution
		Debug|Any CPU = Debug|Any CPU
		Release|Any CPU = Release|Any CPU
	EndGlobalSection
	GlobalSection(ProjectConfigurationPlatforms) = postSolution
		{590C3D72-8B48-4EC5-B51A-93389FC79D51}.Debug|Any CPU.ActiveCfg = Debug|Any CPU
		{590C3D72-8B48-4EC5-B51A-93389FC79D51}.Debug|Any CPU.Build.0 = Debug|Any CPU
		{590C3D72-8B48-4EC5-B51A-93389FC79D51}.Release|Any CPU.ActiveCfg = Release|Any CPU
		{590C3D72-8B48-4EC5-B51A-93389FC79D51}.Release|Any CPU.Build.0 = Release|Any CPU
	EndGlobalSection
	GlobalSection(SolutionProperties) = preSolution
		HideSolutionNode = FALSE
	EndGlobalSection
	GlobalSection(ExtensibilityGlobals) = postSolution
		SolutionGuid = {7B60D064-5926-4FAE-916B-6EC820854FB0}
	EndGlobalSection
EndGlobal
