
Microsoft Visual Studio Solution File, Format Version 12.00
# Visual Studio Version 17
VisualStudioVersion = 17.13.35825.156 d17.13
MinimumVisualStudioVersion = 10.0.40219.1
Project("{FAE04EC0-301F-11D3-BF4B-00C04F79EFBC}") = "Zadanie&_6", "Zadanie&_6.csproj", "{283F5EF4-C6DD-42AF-944C-4D60B0155A40}"
EndProject
Global
	GlobalSection(SolutionConfigurationPlatforms) = preSolution
		Debug|Any CPU = Debug|Any CPU
		Release|Any CPU = Release|Any CPU
	EndGlobalSection
	GlobalSection(ProjectConfigurationPlatforms) = postSolution
		{283F5EF4-C6DD-42AF-944C-4D60B0155A40}.Debug|Any CPU.ActiveCfg = Debug|Any CPU
		{283F5EF4-C6DD-42AF-944C-4D60B0155A40}.Debug|Any CPU.Build.0 = Debug|Any CPU
		{283F5EF4-C6DD-42AF-944C-4D60B0155A40}.Release|Any CPU.ActiveCfg = Release|Any CPU
		{283F5EF4-C6DD-42AF-944C-4D60B0155A40}.Release|Any CPU.Build.0 = Release|Any CPU
	EndGlobalSection
	GlobalSection(SolutionProperties) = preSolution
		HideSolutionNode = FALSE
	EndGlobalSection
	GlobalSection(ExtensibilityGlobals) = postSolution
		SolutionGuid = {BA9C1D6F-597B-439D-A8AD-758177A1A8F8}
	EndGlobalSection
EndGlobal
