
Microsoft Visual Studio Solution File, Format Version 12.00
# Visual Studio Version 17
VisualStudioVersion = 17.13.35825.156 d17.13
MinimumVisualStudioVersion = 10.0.40219.1
Project("{FAE04EC0-301F-11D3-BF4B-00C04F79EFBC}") = "Zadanie2_5", "Zadanie2_5\Zadanie2_5.csproj", "{B64CCB5D-4BFC-4259-BA40-A783F5DCE948}"
EndProject
Global
	GlobalSection(SolutionConfigurationPlatforms) = preSolution
		Debug|Any CPU = Debug|Any CPU
		Release|Any CPU = Release|Any CPU
	EndGlobalSection
	GlobalSection(ProjectConfigurationPlatforms) = postSolution
		{B64CCB5D-4BFC-4259-BA40-A783F5DCE948}.Debug|Any CPU.ActiveCfg = Debug|Any CPU
		{B64CCB5D-4BFC-4259-BA40-A783F5DCE948}.Debug|Any CPU.Build.0 = Debug|Any CPU
		{B64CCB5D-4BFC-4259-BA40-A783F5DCE948}.Release|Any CPU.ActiveCfg = Release|Any CPU
		{B64CCB5D-4BFC-4259-BA40-A783F5DCE948}.Release|Any CPU.Build.0 = Release|Any CPU
	EndGlobalSection
	GlobalSection(SolutionProperties) = preSolution
		HideSolutionNode = FALSE
	EndGlobalSection
	GlobalSection(ExtensibilityGlobals) = postSolution
		SolutionGuid = {A3F238DF-2714-48AD-BDF5-F097AFAD87AA}
	EndGlobalSection
EndGlobal
