
Microsoft Visual Studio Solution File, Format Version 12.00
# Visual Studio Version 17
VisualStudioVersion = 17.13.35825.156 d17.13
MinimumVisualStudioVersion = 10.0.40219.1
Project("{FAE04EC0-301F-11D3-BF4B-00C04F79EFBC}") = "Zadanie6_2", "Zadanie6_2\Zadanie6_2.csproj", "{D7CBA2EC-79CA-4FB6-8238-E5E58C78AC7C}"
EndProject
Global
	GlobalSection(SolutionConfigurationPlatforms) = preSolution
		Debug|Any CPU = Debug|Any CPU
		Release|Any CPU = Release|Any CPU
	EndGlobalSection
	GlobalSection(ProjectConfigurationPlatforms) = postSolution
		{D7CBA2EC-79CA-4FB6-8238-E5E58C78AC7C}.Debug|Any CPU.ActiveCfg = Debug|Any CPU
		{D7CBA2EC-79CA-4FB6-8238-E5E58C78AC7C}.Debug|Any CPU.Build.0 = Debug|Any CPU
		{D7CBA2EC-79CA-4FB6-8238-E5E58C78AC7C}.Release|Any CPU.ActiveCfg = Release|Any CPU
		{D7CBA2EC-79CA-4FB6-8238-E5E58C78AC7C}.Release|Any CPU.Build.0 = Release|Any CPU
	EndGlobalSection
	GlobalSection(SolutionProperties) = preSolution
		HideSolutionNode = FALSE
	EndGlobalSection
	GlobalSection(ExtensibilityGlobals) = postSolution
		SolutionGuid = {AF6FEB12-7940-4FA4-B34C-2C39452992C2}
	EndGlobalSection
EndGlobal
