
Microsoft Visual Studio Solution File, Format Version 12.00
# Visual Studio Version 17
VisualStudioVersion = 17.14.36121.58 d17.14
MinimumVisualStudioVersion = 10.0.40219.1
Project("{FAE04EC0-301F-11D3-BF4B-00C04F79EFBC}") = "Forms2", "Forms2.csproj", "{7844F98D-879B-4FF0-B340-ADEA65A3F656}"
EndProject
Global
	GlobalSection(SolutionConfigurationPlatforms) = preSolution
		Debug|Any CPU = Debug|Any CPU
		Release|Any CPU = Release|Any CPU
	EndGlobalSection
	GlobalSection(ProjectConfigurationPlatforms) = postSolution
		{7844F98D-879B-4FF0-B340-ADEA65A3F656}.Debug|Any CPU.ActiveCfg = Debug|Any CPU
		{7844F98D-879B-4FF0-B340-ADEA65A3F656}.Debug|Any CPU.Build.0 = Debug|Any CPU
		{7844F98D-879B-4FF0-B340-ADEA65A3F656}.Release|Any CPU.ActiveCfg = Release|Any CPU
		{7844F98D-879B-4FF0-B340-ADEA65A3F656}.Release|Any CPU.Build.0 = Release|Any CPU
	EndGlobalSection
	GlobalSection(SolutionProperties) = preSolution
		HideSolutionNode = FALSE
	EndGlobalSection
	GlobalSection(ExtensibilityGlobals) = postSolution
		SolutionGuid = {6EBF748A-3F41-40B7-AFCB-A327EA3BDF9D}
	EndGlobalSection
EndGlobal
