
Microsoft Visual Studio Solution File, Format Version 12.00
# Visual Studio Version 17
VisualStudioVersion = 17.13.35825.156 d17.13
MinimumVisualStudioVersion = 10.0.40219.1
Project("{FAE04EC0-301F-11D3-BF4B-00C04F79EFBC}") = "WindowsFormsApp1", "WindowsFormsApp1\WindowsFormsApp1.csproj", "{9263A591-31D9-4164-B5FE-1FBFE4EE0A0F}"
EndProject
Global
	GlobalSection(SolutionConfigurationPlatforms) = preSolution
		Debug|Any CPU = Debug|Any CPU
		Release|Any CPU = Release|Any CPU
	EndGlobalSection
	GlobalSection(ProjectConfigurationPlatforms) = postSolution
		{9263A591-31D9-4164-B5FE-1FBFE4EE0A0F}.Debug|Any CPU.ActiveCfg = Debug|Any CPU
		{9263A591-31D9-4164-B5FE-1FBFE4EE0A0F}.Debug|Any CPU.Build.0 = Debug|Any CPU
		{9263A591-31D9-4164-B5FE-1FBFE4EE0A0F}.Release|Any CPU.ActiveCfg = Release|Any CPU
		{9263A591-31D9-4164-B5FE-1FBFE4EE0A0F}.Release|Any CPU.Build.0 = Release|Any CPU
	EndGlobalSection
	GlobalSection(SolutionProperties) = preSolution
		HideSolutionNode = FALSE
	EndGlobalSection
	GlobalSection(ExtensibilityGlobals) = postSolution
		SolutionGuid = {C399FE7A-9661-46E0-B92D-B24AAE26F013}
	EndGlobalSection
EndGlobal
