
Microsoft Visual Studio Solution File, Format Version 12.00
# Visual Studio Version 17
VisualStudioVersion = 17.13.35825.156 d17.13
MinimumVisualStudioVersion = 10.0.40219.1
Project("{FAE04EC0-301F-11D3-BF4B-00C04F79EFBC}") = "ZadanieCWE", "ZadanieCWE\ZadanieCWE.csproj", "{A3A92D63-16AA-4F93-99B4-6F1F7CBDE37F}"
EndProject
Global
	GlobalSection(SolutionConfigurationPlatforms) = preSolution
		Debug|Any CPU = Debug|Any CPU
		Release|Any CPU = Release|Any CPU
	EndGlobalSection
	GlobalSection(ProjectConfigurationPlatforms) = postSolution
		{A3A92D63-16AA-4F93-99B4-6F1F7CBDE37F}.Debug|Any CPU.ActiveCfg = Debug|Any CPU
		{A3A92D63-16AA-4F93-99B4-6F1F7CBDE37F}.Debug|Any CPU.Build.0 = Debug|Any CPU
		{A3A92D63-16AA-4F93-99B4-6F1F7CBDE37F}.Release|Any CPU.ActiveCfg = Release|Any CPU
		{A3A92D63-16AA-4F93-99B4-6F1F7CBDE37F}.Release|Any CPU.Build.0 = Release|Any CPU
	EndGlobalSection
	GlobalSection(SolutionProperties) = preSolution
		HideSolutionNode = FALSE
	EndGlobalSection
	GlobalSection(ExtensibilityGlobals) = postSolution
		SolutionGuid = {3BCC59BE-A922-49EF-AFB5-36AE9DA08838}
	EndGlobalSection
EndGlobal
