
Microsoft Visual Studio Solution File, Format Version 12.00
# Visual Studio Version 17
VisualStudioVersion = 17.13.35825.156 d17.13
MinimumVisualStudioVersion = 10.0.40219.1
Project("{FAE04EC0-301F-11D3-BF4B-00C04F79EFBC}") = "Zadanie9_2", "Zadanie9_2\Zadanie9_2.csproj", "{C658D22B-BCB7-40BE-A532-A3EC84D169A6}"
EndProject
Global
	GlobalSection(SolutionConfigurationPlatforms) = preSolution
		Debug|Any CPU = Debug|Any CPU
		Release|Any CPU = Release|Any CPU
	EndGlobalSection
	GlobalSection(ProjectConfigurationPlatforms) = postSolution
		{C658D22B-BCB7-40BE-A532-A3EC84D169A6}.Debug|Any CPU.ActiveCfg = Debug|Any CPU
		{C658D22B-BCB7-40BE-A532-A3EC84D169A6}.Debug|Any CPU.Build.0 = Debug|Any CPU
		{C658D22B-BCB7-40BE-A532-A3EC84D169A6}.Release|Any CPU.ActiveCfg = Release|Any CPU
		{C658D22B-BCB7-40BE-A532-A3EC84D169A6}.Release|Any CPU.Build.0 = Release|Any CPU
	EndGlobalSection
	GlobalSection(SolutionProperties) = preSolution
		HideSolutionNode = FALSE
	EndGlobalSection
	GlobalSection(ExtensibilityGlobals) = postSolution
		SolutionGuid = {75665DF1-2533-42D5-B5B3-3D2B3694901B}
	EndGlobalSection
EndGlobal
