
Microsoft Visual Studio Solution File, Format Version 12.00
# Visual Studio Version 17
VisualStudioVersion = 17.13.35825.156 d17.13
MinimumVisualStudioVersion = 10.0.40219.1
Project("{FAE04EC0-301F-11D3-BF4B-00C04F79EFBC}") = "Zadanie6_1", "Zadanie6_1\Zadanie6_1.csproj", "{A91BF28E-A68B-4900-8470-D1E443B743D6}"
EndProject
Global
	GlobalSection(SolutionConfigurationPlatforms) = preSolution
		Debug|Any CPU = Debug|Any CPU
		Release|Any CPU = Release|Any CPU
	EndGlobalSection
	GlobalSection(ProjectConfigurationPlatforms) = postSolution
		{A91BF28E-A68B-4900-8470-D1E443B743D6}.Debug|Any CPU.ActiveCfg = Debug|Any CPU
		{A91BF28E-A68B-4900-8470-D1E443B743D6}.Debug|Any CPU.Build.0 = Debug|Any CPU
		{A91BF28E-A68B-4900-8470-D1E443B743D6}.Release|Any CPU.ActiveCfg = Release|Any CPU
		{A91BF28E-A68B-4900-8470-D1E443B743D6}.Release|Any CPU.Build.0 = Release|Any CPU
	EndGlobalSection
	GlobalSection(SolutionProperties) = preSolution
		HideSolutionNode = FALSE
	EndGlobalSection
	GlobalSection(ExtensibilityGlobals) = postSolution
		SolutionGuid = {605645B2-BCC6-4CC7-95B5-CBD948AF7414}
	EndGlobalSection
EndGlobal
