
Microsoft Visual Studio Solution File, Format Version 12.00
# Visual Studio Version 17
VisualStudioVersion = 17.13.35825.156 d17.13
MinimumVisualStudioVersion = 10.0.40219.1
Project("{FAE04EC0-301F-11D3-BF4B-00C04F79EFBC}") = "cos tam", "cos tam\cos tam.csproj", "{0AFC3859-762E-46F3-AED9-9DB683CCEE6D}"
EndProject
Global
	GlobalSection(SolutionConfigurationPlatforms) = preSolution
		Debug|Any CPU = Debug|Any CPU
		Release|Any CPU = Release|Any CPU
	EndGlobalSection
	GlobalSection(ProjectConfigurationPlatforms) = postSolution
		{0AFC3859-762E-46F3-AED9-9DB683CCEE6D}.Debug|Any CPU.ActiveCfg = Debug|Any CPU
		{0AFC3859-762E-46F3-AED9-9DB683CCEE6D}.Debug|Any CPU.Build.0 = Debug|Any CPU
		{0AFC3859-762E-46F3-AED9-9DB683CCEE6D}.Release|Any CPU.ActiveCfg = Release|Any CPU
		{0AFC3859-762E-46F3-AED9-9DB683CCEE6D}.Release|Any CPU.Build.0 = Release|Any CPU
	EndGlobalSection
	GlobalSection(SolutionProperties) = preSolution
		HideSolutionNode = FALSE
	EndGlobalSection
	GlobalSection(ExtensibilityGlobals) = postSolution
		SolutionGuid = {6073FC83-BB23-4352-ADBA-BC033E68B009}
	EndGlobalSection
EndGlobal
