
Microsoft Visual Studio Solution File, Format Version 12.00
# Visual Studio Version 17
VisualStudioVersion = 17.13.35825.156 d17.13
MinimumVisualStudioVersion = 10.0.40219.1
Project("{FAE04EC0-301F-11D3-BF4B-00C04F79EFBC}") = "Zadanie4", "Zadanie4\Zadanie4.csproj", "{B64845AB-BB7A-489E-8059-6C1248BAF9FF}"
EndProject
Global
	GlobalSection(SolutionConfigurationPlatforms) = preSolution
		Debug|Any CPU = Debug|Any CPU
		Release|Any CPU = Release|Any CPU
	EndGlobalSection
	GlobalSection(ProjectConfigurationPlatforms) = postSolution
		{B64845AB-BB7A-489E-8059-6C1248BAF9FF}.Debug|Any CPU.ActiveCfg = Debug|Any CPU
		{B64845AB-BB7A-489E-8059-6C1248BAF9FF}.Debug|Any CPU.Build.0 = Debug|Any CPU
		{B64845AB-BB7A-489E-8059-6C1248BAF9FF}.Release|Any CPU.ActiveCfg = Release|Any CPU
		{B64845AB-BB7A-489E-8059-6C1248BAF9FF}.Release|Any CPU.Build.0 = Release|Any CPU
	EndGlobalSection
	GlobalSection(SolutionProperties) = preSolution
		HideSolutionNode = FALSE
	EndGlobalSection
	GlobalSection(ExtensibilityGlobals) = postSolution
		SolutionGuid = {C84DB970-A956-4F22-97AB-18508717B9C0}
	EndGlobalSection
EndGlobal
