
Microsoft Visual Studio Solution File, Format Version 12.00
# Visual Studio Version 17
VisualStudioVersion = 17.13.35825.156 d17.13
MinimumVisualStudioVersion = 10.0.40219.1
Project("{FAE04EC0-301F-11D3-BF4B-00C04F79EFBC}") = "Zadanie6", "Zadanie6\Zadanie6.csproj", "{68E0D7E7-18B1-439F-AA8D-F135D8385653}"
EndProject
Global
	GlobalSection(SolutionConfigurationPlatforms) = preSolution
		Debug|Any CPU = Debug|Any CPU
		Release|Any CPU = Release|Any CPU
	EndGlobalSection
	GlobalSection(ProjectConfigurationPlatforms) = postSolution
		{68E0D7E7-18B1-439F-AA8D-F135D8385653}.Debug|Any CPU.ActiveCfg = Debug|Any CPU
		{68E0D7E7-18B1-439F-AA8D-F135D8385653}.Debug|Any CPU.Build.0 = Debug|Any CPU
		{68E0D7E7-18B1-439F-AA8D-F135D8385653}.Release|Any CPU.ActiveCfg = Release|Any CPU
		{68E0D7E7-18B1-439F-AA8D-F135D8385653}.Release|Any CPU.Build.0 = Release|Any CPU
	EndGlobalSection
	GlobalSection(SolutionProperties) = preSolution
		HideSolutionNode = FALSE
	EndGlobalSection
	GlobalSection(ExtensibilityGlobals) = postSolution
		SolutionGuid = {5535B626-4E5E-4936-884F-72048DB0F737}
	EndGlobalSection
EndGlobal
