
Microsoft Visual Studio Solution File, Format Version 12.00
# Visual Studio Version 17
VisualStudioVersion = 17.13.35825.156 d17.13
MinimumVisualStudioVersion = 10.0.40219.1
Project("{FAE04EC0-301F-11D3-BF4B-00C04F79EFBC}") = "Zadanie4_1", "Zadanie4_1\Zadanie4_1.csproj", "{2CA3FE2C-9BB3-4E3E-AE95-F0FA9AB2F8D4}"
EndProject
Global
	GlobalSection(SolutionConfigurationPlatforms) = preSolution
		Debug|Any CPU = Debug|Any CPU
		Release|Any CPU = Release|Any CPU
	EndGlobalSection
	GlobalSection(ProjectConfigurationPlatforms) = postSolution
		{2CA3FE2C-9BB3-4E3E-AE95-F0FA9AB2F8D4}.Debug|Any CPU.ActiveCfg = Debug|Any CPU
		{2CA3FE2C-9BB3-4E3E-AE95-F0FA9AB2F8D4}.Debug|Any CPU.Build.0 = Debug|Any CPU
		{2CA3FE2C-9BB3-4E3E-AE95-F0FA9AB2F8D4}.Release|Any CPU.ActiveCfg = Release|Any CPU
		{2CA3FE2C-9BB3-4E3E-AE95-F0FA9AB2F8D4}.Release|Any CPU.Build.0 = Release|Any CPU
	EndGlobalSection
	GlobalSection(SolutionProperties) = preSolution
		HideSolutionNode = FALSE
	EndGlobalSection
	GlobalSection(ExtensibilityGlobals) = postSolution
		SolutionGuid = {EBA1D9D0-B29F-4DDD-B835-54A655750BFB}
	EndGlobalSection
EndGlobal
